
Microsoft Visual Studio Solution File, Format Version 12.00
# Visual Studio 2013
VisualStudioVersion = 12.0.31101.0
MinimumVisualStudioVersion = 10.0.40219.1
Project("{FAE04EC0-301F-11D3-BF4B-00C04F79EFBC}") = "DIContainer", "DIContainer\DIContainer.csproj", "{2FFF03AE-D334-4586-9C8B-798A55338B99}"
EndProject
Project("{2150E333-8FDC-42A3-9474-1A3956D46DE8}") = "Git", "Git", "{C5769760-4297-4143-9993-AD4FC7A2DE60}"
	ProjectSection(SolutionItems) = preProject
		.gitattributes = .gitattributes
		.gitignore = .gitignore
		README.md = README.md
	EndProjectSection
EndProject
Project("{2150E333-8FDC-42A3-9474-1A3956D46DE8}") = "Properties", "Properties", "{0115D25C-EFE1-4C1C-BC61-F8EF0A5DEB7B}"
	ProjectSection(SolutionItems) = preProject
		Properties\SolutionInfo.cs = Properties\SolutionInfo.cs
	EndProjectSection
EndProject
Project("{FAE04EC0-301F-11D3-BF4B-00C04F79EFBC}") = "DIContainer.Tests", "DIContainer.Tests\DIContainer.Tests.csproj", "{25C6C7A9-1638-4380-99D4-21A6BDB24933}"
EndProject
Global
	GlobalSection(SolutionConfigurationPlatforms) = preSolution
		Debug|Any CPU = Debug|Any CPU
		Release|Any CPU = Release|Any CPU
	EndGlobalSection
	GlobalSection(ProjectConfigurationPlatforms) = postSolution
		{2FFF03AE-D334-4586-9C8B-798A55338B99}.Debug|Any CPU.ActiveCfg = Debug|Any CPU
		{2FFF03AE-D334-4586-9C8B-798A55338B99}.Debug|Any CPU.Build.0 = Debug|Any CPU
		{2FFF03AE-D334-4586-9C8B-798A55338B99}.Release|Any CPU.ActiveCfg = Release|Any CPU
		{2FFF03AE-D334-4586-9C8B-798A55338B99}.Release|Any CPU.Build.0 = Release|Any CPU
		{25C6C7A9-1638-4380-99D4-21A6BDB24933}.Debug|Any CPU.ActiveCfg = Debug|Any CPU
		{25C6C7A9-1638-4380-99D4-21A6BDB24933}.Debug|Any CPU.Build.0 = Debug|Any CPU
		{25C6C7A9-1638-4380-99D4-21A6BDB24933}.Release|Any CPU.ActiveCfg = Release|Any CPU
		{25C6C7A9-1638-4380-99D4-21A6BDB24933}.Release|Any CPU.Build.0 = Release|Any CPU
	EndGlobalSection
	GlobalSection(SolutionProperties) = preSolution
		HideSolutionNode = FALSE
	EndGlobalSection
EndGlobal
